
Microsoft Visual Studio Solution File, Format Version 12.00
# Visual Studio 2012
Project("{FAE04EC0-301F-11D3-BF4B-00C04F79EFBC}") = "XizheC", "XizheC\XizheC.csproj", "{228A05BD-CF5F-47E6-9782-DD0E19483C6C}"
EndProject
Project("{FAE04EC0-301F-11D3-BF4B-00C04F79EFBC}") = "ClientUpdate", "XizheSoftWare_update app\ClientUpdate\ClientUpdate.csproj", "{B4BE4E74-2813-41CA-BE02-0601B5A15B97}"
EndProject
Project("{FAE04EC0-301F-11D3-BF4B-00C04F79EFBC}") = "CSPSS", "CSPSS\CSPSS.csproj", "{C25489F8-4A51-47B8-B117-D016DEB71343}"
EndProject
Project("{FAE04EC0-301F-11D3-BF4B-00C04F79EFBC}") = "UpLoadFile", "UpLoadFile\UpLoadFile.csproj", "{B3FB8BF6-894C-4AB3-B9F2-ED46095694A9}"
EndProject
Project("{FAE04EC0-301F-11D3-BF4B-00C04F79EFBC}") = "UpdateDeliveryDate", "UpdateDeliveryDate\UpdateDeliveryDate.csproj", "{AD7168E4-E68A-4130-82FA-32A2C16F5707}"
EndProject
Project("{54435603-DBB4-11D2-8724-00A0C9A8B90C}") = "服务器文件删除程序", "服务器文件删除程序\服务器文件删除程序.vdproj", "{F78A34A7-91DE-44E8-B8DB-0BD2989FD1ED}"
EndProject
Project("{54435603-DBB4-11D2-8724-00A0C9A8B90C}") = "财务管理系统", "财务管理系统\财务管理系统.vdproj", "{23BAF297-3AF2-456A-8988-A7B68B824AE1}"
EndProject
Global
	GlobalSection(SolutionConfigurationPlatforms) = preSolution
		Debug|Any CPU = Debug|Any CPU
		Release|Any CPU = Release|Any CPU
	EndGlobalSection
	GlobalSection(ProjectConfigurationPlatforms) = postSolution
		{228A05BD-CF5F-47E6-9782-DD0E19483C6C}.Debug|Any CPU.ActiveCfg = Debug|Any CPU
		{228A05BD-CF5F-47E6-9782-DD0E19483C6C}.Debug|Any CPU.Build.0 = Debug|Any CPU
		{228A05BD-CF5F-47E6-9782-DD0E19483C6C}.Release|Any CPU.ActiveCfg = Release|Any CPU
		{228A05BD-CF5F-47E6-9782-DD0E19483C6C}.Release|Any CPU.Build.0 = Release|Any CPU
		{B4BE4E74-2813-41CA-BE02-0601B5A15B97}.Debug|Any CPU.ActiveCfg = Debug|Any CPU
		{B4BE4E74-2813-41CA-BE02-0601B5A15B97}.Debug|Any CPU.Build.0 = Debug|Any CPU
		{B4BE4E74-2813-41CA-BE02-0601B5A15B97}.Release|Any CPU.ActiveCfg = Release|Any CPU
		{B4BE4E74-2813-41CA-BE02-0601B5A15B97}.Release|Any CPU.Build.0 = Release|Any CPU
		{C25489F8-4A51-47B8-B117-D016DEB71343}.Debug|Any CPU.ActiveCfg = Debug|Any CPU
		{C25489F8-4A51-47B8-B117-D016DEB71343}.Debug|Any CPU.Build.0 = Debug|Any CPU
		{C25489F8-4A51-47B8-B117-D016DEB71343}.Release|Any CPU.ActiveCfg = Release|Any CPU
		{C25489F8-4A51-47B8-B117-D016DEB71343}.Release|Any CPU.Build.0 = Release|Any CPU
		{B3FB8BF6-894C-4AB3-B9F2-ED46095694A9}.Debug|Any CPU.ActiveCfg = Debug|Any CPU
		{B3FB8BF6-894C-4AB3-B9F2-ED46095694A9}.Debug|Any CPU.Build.0 = Debug|Any CPU
		{B3FB8BF6-894C-4AB3-B9F2-ED46095694A9}.Release|Any CPU.ActiveCfg = Release|Any CPU
		{B3FB8BF6-894C-4AB3-B9F2-ED46095694A9}.Release|Any CPU.Build.0 = Release|Any CPU
		{AD7168E4-E68A-4130-82FA-32A2C16F5707}.Debug|Any CPU.ActiveCfg = Debug|Any CPU
		{AD7168E4-E68A-4130-82FA-32A2C16F5707}.Debug|Any CPU.Build.0 = Debug|Any CPU
		{AD7168E4-E68A-4130-82FA-32A2C16F5707}.Release|Any CPU.ActiveCfg = Release|Any CPU
		{AD7168E4-E68A-4130-82FA-32A2C16F5707}.Release|Any CPU.Build.0 = Release|Any CPU
		{F78A34A7-91DE-44E8-B8DB-0BD2989FD1ED}.Debug|Any CPU.ActiveCfg = Debug
		{F78A34A7-91DE-44E8-B8DB-0BD2989FD1ED}.Release|Any CPU.ActiveCfg = Release
		{23BAF297-3AF2-456A-8988-A7B68B824AE1}.Debug|Any CPU.ActiveCfg = Debug
		{23BAF297-3AF2-456A-8988-A7B68B824AE1}.Release|Any CPU.ActiveCfg = Release
	EndGlobalSection
	GlobalSection(SolutionProperties) = preSolution
		HideSolutionNode = FALSE
	EndGlobalSection
EndGlobal
