
Microsoft Visual Studio Solution File, Format Version 10.00
# Visual Studio 2008
Project("{FAE04EC0-301F-11D3-BF4B-00C04F79EFBC}") = "MES", "MES\MES.csproj", "{7727E9F6-22D3-4765-B1B9-1820E36FAA9C}"
EndProject
Project("{FAE04EC0-301F-11D3-BF4B-00C04F79EFBC}") = "C23", "C23\C23\C23.csproj", "{CBCD2889-8353-4778-8949-5F8F0E917EB8}"
EndProject
Project("{FAE04EC0-301F-11D3-BF4B-00C04F79EFBC}") = "XizheC", "XizheC\XizheC.csproj", "{228A05BD-CF5F-47E6-9782-DD0E19483C6C}"
EndProject
Global
	GlobalSection(SolutionConfigurationPlatforms) = preSolution
		Debug|Any CPU = Debug|Any CPU
		Release|Any CPU = Release|Any CPU
	EndGlobalSection
	GlobalSection(ProjectConfigurationPlatforms) = postSolution
		{7727E9F6-22D3-4765-B1B9-1820E36FAA9C}.Debug|Any CPU.ActiveCfg = Debug|Any CPU
		{7727E9F6-22D3-4765-B1B9-1820E36FAA9C}.Debug|Any CPU.Build.0 = Debug|Any CPU
		{7727E9F6-22D3-4765-B1B9-1820E36FAA9C}.Release|Any CPU.ActiveCfg = Release|Any CPU
		{7727E9F6-22D3-4765-B1B9-1820E36FAA9C}.Release|Any CPU.Build.0 = Release|Any CPU
		{CBCD2889-8353-4778-8949-5F8F0E917EB8}.Debug|Any CPU.ActiveCfg = Debug|Any CPU
		{CBCD2889-8353-4778-8949-5F8F0E917EB8}.Debug|Any CPU.Build.0 = Debug|Any CPU
		{CBCD2889-8353-4778-8949-5F8F0E917EB8}.Release|Any CPU.ActiveCfg = Release|Any CPU
		{CBCD2889-8353-4778-8949-5F8F0E917EB8}.Release|Any CPU.Build.0 = Release|Any CPU
		{228A05BD-CF5F-47E6-9782-DD0E19483C6C}.Debug|Any CPU.ActiveCfg = Debug|Any CPU
		{228A05BD-CF5F-47E6-9782-DD0E19483C6C}.Debug|Any CPU.Build.0 = Debug|Any CPU
		{228A05BD-CF5F-47E6-9782-DD0E19483C6C}.Release|Any CPU.ActiveCfg = Release|Any CPU
		{228A05BD-CF5F-47E6-9782-DD0E19483C6C}.Release|Any CPU.Build.0 = Release|Any CPU
	EndGlobalSection
	GlobalSection(SolutionProperties) = preSolution
		HideSolutionNode = FALSE
	EndGlobalSection
EndGlobal
